
Microsoft Visual Studio Solution File, Format Version 12.00
# Visual Studio Version 17
VisualStudioVersion = 17.13.35931.197 d17.13
MinimumVisualStudioVersion = 10.0.40219.1
Project("{FAE04EC0-301F-11D3-BF4B-00C04F79EFBC}") = "Compare ref vs out in a Function", "Compare ref vs out in a Function\Compare ref vs out in a Function.csproj", "{63A99576-C420-408B-83DA-5787BEE26FD0}"
EndProject
Global
	GlobalSection(SolutionConfigurationPlatforms) = preSolution
		Debug|Any CPU = Debug|Any CPU
		Release|Any CPU = Release|Any CPU
	EndGlobalSection
	GlobalSection(ProjectConfigurationPlatforms) = postSolution
		{63A99576-C420-408B-83DA-5787BEE26FD0}.Debug|Any CPU.ActiveCfg = Debug|Any CPU
		{63A99576-C420-408B-83DA-5787BEE26FD0}.Debug|Any CPU.Build.0 = Debug|Any CPU
		{63A99576-C420-408B-83DA-5787BEE26FD0}.Release|Any CPU.ActiveCfg = Release|Any CPU
		{63A99576-C420-408B-83DA-5787BEE26FD0}.Release|Any CPU.Build.0 = Release|Any CPU
	EndGlobalSection
	GlobalSection(SolutionProperties) = preSolution
		HideSolutionNode = FALSE
	EndGlobalSection
	GlobalSection(ExtensibilityGlobals) = postSolution
		SolutionGuid = {BC628280-C155-445A-B9B1-FB05ED3B676A}
	EndGlobalSection
EndGlobal
