
Microsoft Visual Studio Solution File, Format Version 12.00
# Visual Studio Version 17
VisualStudioVersion = 17.13.35931.197 d17.13
MinimumVisualStudioVersion = 10.0.40219.1
Project("{FAE04EC0-301F-11D3-BF4B-00C04F79EFBC}") = "WeekDays class indexer", "WeekDays class indexer\WeekDays class indexer.csproj", "{6CB1A158-66DC-47AD-9DF6-7F9E90BE3F33}"
EndProject
Global
	GlobalSection(SolutionConfigurationPlatforms) = preSolution
		Debug|Any CPU = Debug|Any CPU
		Release|Any CPU = Release|Any CPU
	EndGlobalSection
	GlobalSection(ProjectConfigurationPlatforms) = postSolution
		{6CB1A158-66DC-47AD-9DF6-7F9E90BE3F33}.Debug|Any CPU.ActiveCfg = Debug|Any CPU
		{6CB1A158-66DC-47AD-9DF6-7F9E90BE3F33}.Debug|Any CPU.Build.0 = Debug|Any CPU
		{6CB1A158-66DC-47AD-9DF6-7F9E90BE3F33}.Release|Any CPU.ActiveCfg = Release|Any CPU
		{6CB1A158-66DC-47AD-9DF6-7F9E90BE3F33}.Release|Any CPU.Build.0 = Release|Any CPU
	EndGlobalSection
	GlobalSection(SolutionProperties) = preSolution
		HideSolutionNode = FALSE
	EndGlobalSection
	GlobalSection(ExtensibilityGlobals) = postSolution
		SolutionGuid = {87FA503A-799D-4D34-8857-F879C70DA78E}
	EndGlobalSection
EndGlobal
