
Microsoft Visual Studio Solution File, Format Version 12.00
# Visual Studio Version 17
VisualStudioVersion = 17.13.35931.197 d17.13
MinimumVisualStudioVersion = 10.0.40219.1
Project("{FAE04EC0-301F-11D3-BF4B-00C04F79EFBC}") = "Positive or Negative Or zero using if .else statement.", "..\Positive or Negative Or zero using if .else statement\Positive or Negative Or zero using if .else statement\Positive or Negative Or zero using if .else statement..csproj", "{FFE5287F-F5A5-4FD6-973B-D9E201184683}"
EndProject
Global
	GlobalSection(SolutionConfigurationPlatforms) = preSolution
		Debug|Any CPU = Debug|Any CPU
		Release|Any CPU = Release|Any CPU
	EndGlobalSection
	GlobalSection(ProjectConfigurationPlatforms) = postSolution
		{FFE5287F-F5A5-4FD6-973B-D9E201184683}.Debug|Any CPU.ActiveCfg = Debug|Any CPU
		{FFE5287F-F5A5-4FD6-973B-D9E201184683}.Debug|Any CPU.Build.0 = Debug|Any CPU
		{FFE5287F-F5A5-4FD6-973B-D9E201184683}.Release|Any CPU.ActiveCfg = Release|Any CPU
		{FFE5287F-F5A5-4FD6-973B-D9E201184683}.Release|Any CPU.Build.0 = Release|Any CPU
	EndGlobalSection
	GlobalSection(SolutionProperties) = preSolution
		HideSolutionNode = FALSE
	EndGlobalSection
	GlobalSection(ExtensibilityGlobals) = postSolution
		SolutionGuid = {6B8240A2-68CC-49E8-8B76-53379034F62F}
	EndGlobalSection
EndGlobal
