
Microsoft Visual Studio Solution File, Format Version 12.00
# Visual Studio Version 17
VisualStudioVersion = 17.13.35931.197 d17.13
MinimumVisualStudioVersion = 10.0.40219.1
Project("{FAE04EC0-301F-11D3-BF4B-00C04F79EFBC}") = "Temperature Converter", "Temperature Converter\Temperature Converter.csproj", "{885B2B56-91E8-4D60-AAA6-CA7463D0E563}"
EndProject
Global
	GlobalSection(SolutionConfigurationPlatforms) = preSolution
		Debug|Any CPU = Debug|Any CPU
		Release|Any CPU = Release|Any CPU
	EndGlobalSection
	GlobalSection(ProjectConfigurationPlatforms) = postSolution
		{885B2B56-91E8-4D60-AAA6-CA7463D0E563}.Debug|Any CPU.ActiveCfg = Debug|Any CPU
		{885B2B56-91E8-4D60-AAA6-CA7463D0E563}.Debug|Any CPU.Build.0 = Debug|Any CPU
		{885B2B56-91E8-4D60-AAA6-CA7463D0E563}.Release|Any CPU.ActiveCfg = Release|Any CPU
		{885B2B56-91E8-4D60-AAA6-CA7463D0E563}.Release|Any CPU.Build.0 = Release|Any CPU
	EndGlobalSection
	GlobalSection(SolutionProperties) = preSolution
		HideSolutionNode = FALSE
	EndGlobalSection
	GlobalSection(ExtensibilityGlobals) = postSolution
		SolutionGuid = {E1B839DF-CC65-44C5-9FB0-63F2480AC42A}
	EndGlobalSection
EndGlobal
