
Microsoft Visual Studio Solution File, Format Version 12.00
# Visual Studio Version 17
VisualStudioVersion = 17.13.35931.197 d17.13
MinimumVisualStudioVersion = 10.0.40219.1
Project("{FAE04EC0-301F-11D3-BF4B-00C04F79EFBC}") = "function c# that take array ,size , value position", "function c# that take array ,size , value position\function c# that take array ,size , value position.csproj", "{A120D74F-028A-424B-AE63-EFFDF6914804}"
EndProject
Global
	GlobalSection(SolutionConfigurationPlatforms) = preSolution
		Debug|Any CPU = Debug|Any CPU
		Release|Any CPU = Release|Any CPU
	EndGlobalSection
	GlobalSection(ProjectConfigurationPlatforms) = postSolution
		{A120D74F-028A-424B-AE63-EFFDF6914804}.Debug|Any CPU.ActiveCfg = Debug|Any CPU
		{A120D74F-028A-424B-AE63-EFFDF6914804}.Debug|Any CPU.Build.0 = Debug|Any CPU
		{A120D74F-028A-424B-AE63-EFFDF6914804}.Release|Any CPU.ActiveCfg = Release|Any CPU
		{A120D74F-028A-424B-AE63-EFFDF6914804}.Release|Any CPU.Build.0 = Release|Any CPU
	EndGlobalSection
	GlobalSection(SolutionProperties) = preSolution
		HideSolutionNode = FALSE
	EndGlobalSection
	GlobalSection(ExtensibilityGlobals) = postSolution
		SolutionGuid = {2C29104C-E903-4ABD-B8E3-361454151EE2}
	EndGlobalSection
EndGlobal
