
Microsoft Visual Studio Solution File, Format Version 12.00
# Visual Studio Version 17
VisualStudioVersion = 17.13.35931.197 d17.13
MinimumVisualStudioVersion = 10.0.40219.1
Project("{FAE04EC0-301F-11D3-BF4B-00C04F79EFBC}") = "print + , - , of 2 numbers", "print + , - , of 2 numbers\print + , - , of 2 numbers.csproj", "{5140F1C1-3400-4720-A357-6E15826F60EE}"
EndProject
Global
	GlobalSection(SolutionConfigurationPlatforms) = preSolution
		Debug|Any CPU = Debug|Any CPU
		Release|Any CPU = Release|Any CPU
	EndGlobalSection
	GlobalSection(ProjectConfigurationPlatforms) = postSolution
		{5140F1C1-3400-4720-A357-6E15826F60EE}.Debug|Any CPU.ActiveCfg = Debug|Any CPU
		{5140F1C1-3400-4720-A357-6E15826F60EE}.Debug|Any CPU.Build.0 = Debug|Any CPU
		{5140F1C1-3400-4720-A357-6E15826F60EE}.Release|Any CPU.ActiveCfg = Release|Any CPU
		{5140F1C1-3400-4720-A357-6E15826F60EE}.Release|Any CPU.Build.0 = Release|Any CPU
	EndGlobalSection
	GlobalSection(SolutionProperties) = preSolution
		HideSolutionNode = FALSE
	EndGlobalSection
	GlobalSection(ExtensibilityGlobals) = postSolution
		SolutionGuid = {031904D2-0141-4D7E-8799-483FED573259}
	EndGlobalSection
EndGlobal
